PODS:
  - BuildaUtils (0.4.0):
    - SwiftSafe (~> 2.0)
  - DVR (1.1.0)
  - Nimble (7.0.2)
  - SwiftSafe (2.0.0)

DEPENDENCIES:
  - BuildaUtils (~> 0.4)
  - DVR (~> 1.1.0)
  - Nimble (~> 7.0.2)

SPEC CHECKSUMS:
  BuildaUtils: 2cb74617050be76e2c29560ec40ca9bd88f2f8ec
  DVR: f785f86273f7a3a94335acf44611ac2cbf5920f9
  Nimble: bfe1f814edabba69ff145cb1283e04ed636a67f2
  SwiftSafe: b64ef3119a0b906e9ca6f67cd1705f351c9a8f9c

PODFILE CHECKSUM: 53253d86800bb1489c6dfcef324eae2019727fa3

COCOAPODS: 1.3.1
